
Microsoft Visual Studio Solution File, Format Version 12.00
# Visual Studio Version 16
VisualStudioVersion = 16.0.29905.134
MinimumVisualStudioVersion = 10.0.40219.1
Project("{FAE04EC0-301F-11D3-BF4B-00C04F79EFBC}") = "DifferentTypesOfClasses", "DifferentTypesOfClasses\DifferentTypesOfClasses.csproj", "{28F55D4B-8DF6-4999-8779-2B19BFA40047}"
EndProject
Global
	GlobalSection(SolutionConfigurationPlatforms) = preSolution
		Debug|Any CPU = Debug|Any CPU
		Release|Any CPU = Release|Any CPU
	EndGlobalSection
	GlobalSection(ProjectConfigurationPlatforms) = postSolution
		{28F55D4B-8DF6-4999-8779-2B19BFA40047}.Debug|Any CPU.ActiveCfg = Debug|Any CPU
		{28F55D4B-8DF6-4999-8779-2B19BFA40047}.Debug|Any CPU.Build.0 = Debug|Any CPU
		{28F55D4B-8DF6-4999-8779-2B19BFA40047}.Release|Any CPU.ActiveCfg = Release|Any CPU
		{28F55D4B-8DF6-4999-8779-2B19BFA40047}.Release|Any CPU.Build.0 = Release|Any CPU
	EndGlobalSection
	GlobalSection(SolutionProperties) = preSolution
		HideSolutionNode = FALSE
	EndGlobalSection
	GlobalSection(ExtensibilityGlobals) = postSolution
		SolutionGuid = {3C85B3FA-8C20-48BB-A95D-6D6B9DA93FCD}
	EndGlobalSection
EndGlobal
